
Microsoft Visual Studio Solution File, Format Version 12.00
# Visual Studio Version 17
VisualStudioVersion = 17.10.34928.147
MinimumVisualStudioVersion = 10.0.40219.1
Project("{FAE04EC0-301F-11D3-BF4B-00C04F79EFBC}") = "BadgeConnector", "BadgeConnector.csproj", "{92B8D153-6AC0-4A89-B0A3-C7F66ECD880D}"
EndProject
Global
	GlobalSection(SolutionConfigurationPlatforms) = preSolution
		Debug|Any CPU = Debug|Any CPU
		Release|Any CPU = Release|Any CPU
	EndGlobalSection
	GlobalSection(ProjectConfigurationPlatforms) = postSolution
		{92B8D153-6AC0-4A89-B0A3-C7F66ECD880D}.Debug|Any CPU.ActiveCfg = Debug|Any CPU
		{92B8D153-6AC0-4A89-B0A3-C7F66ECD880D}.Debug|Any CPU.Build.0 = Debug|Any CPU
		{92B8D153-6AC0-4A89-B0A3-C7F66ECD880D}.Release|Any CPU.ActiveCfg = Release|Any CPU
		{92B8D153-6AC0-4A89-B0A3-C7F66ECD880D}.Release|Any CPU.Build.0 = Release|Any CPU
	EndGlobalSection
	GlobalSection(SolutionProperties) = preSolution
		HideSolutionNode = FALSE
	EndGlobalSection
	GlobalSection(ExtensibilityGlobals) = postSolution
		SolutionGuid = {6EE1D9B7-739B-46EE-98B0-6187E0095BAA}
	EndGlobalSection
EndGlobal
